
Microsoft Visual Studio Solution File, Format Version 12.00
# Visual Studio Version 16
VisualStudioVersion = 16.0.31729.503
MinimumVisualStudioVersion = 10.0.40219.1
Project("{8BC9CEB8-8B4A-11D0-8D11-00A0C91BC942}") = "CTR Kinematics", "CTR Kinematics\CTR Kinematics.vcxproj", "{745288B7-36F4-4DFA-9328-F951A2E4BAF5}"
EndProject
Global
	GlobalSection(SolutionConfigurationPlatforms) = preSolution
		Debug|x64 = Debug|x64
		Debug|x86 = Debug|x86
		Release|x64 = Release|x64
		Release|x86 = Release|x86
	EndGlobalSection
	GlobalSection(ProjectConfigurationPlatforms) = postSolution
		{745288B7-36F4-4DFA-9328-F951A2E4BAF5}.Debug|x64.ActiveCfg = Debug|x64
		{745288B7-36F4-4DFA-9328-F951A2E4BAF5}.Debug|x64.Build.0 = Debug|x64
		{745288B7-36F4-4DFA-9328-F951A2E4BAF5}.Debug|x86.ActiveCfg = Debug|Win32
		{745288B7-36F4-4DFA-9328-F951A2E4BAF5}.Debug|x86.Build.0 = Debug|Win32
		{745288B7-36F4-4DFA-9328-F951A2E4BAF5}.Release|x64.ActiveCfg = Release|x64
		{745288B7-36F4-4DFA-9328-F951A2E4BAF5}.Release|x64.Build.0 = Release|x64
		{745288B7-36F4-4DFA-9328-F951A2E4BAF5}.Release|x86.ActiveCfg = Release|Win32
		{745288B7-36F4-4DFA-9328-F951A2E4BAF5}.Release|x86.Build.0 = Release|Win32
	EndGlobalSection
	GlobalSection(SolutionProperties) = preSolution
		HideSolutionNode = FALSE
	EndGlobalSection
	GlobalSection(ExtensibilityGlobals) = postSolution
		SolutionGuid = {C3A2481D-3910-423B-8C0D-2FA2CAC2D570}
	EndGlobalSection
EndGlobal
